<!doctype html>
<html lang="en">
  <head>
    <meta charset="UTF-8" />
    <link rel="icon" type="image/svg+xml" href="/vite.svg" />
    <meta name="viewport" content="width=device-width, initial-scale=1.0" />
    <title>Feminine Ebook Sales Page</title>
    <meta name="description" content="Controle a fome, reduza o inchaço e conquiste uma barriga mais leve naturalmente. Método comprovado para mulheres que querem viver mais leves." />
    <meta property="og:title" content="Barriga Leve Feminina - Método Natural Para Desinchar" />
    <meta property="og:description" content="Controle a fome, reduza o inchaço e conquiste uma barriga mais leve naturalmente." />
    <meta property="og:image" content="https://images.pexels.com/photos/3768894/pexels-photo-3768894.jpeg?auto=compress&cs=tinysrgb&w=1200" />
    <meta name="twitter:card" content="summary_large_image" />
    <meta name="twitter:title" content="Barriga Leve Feminina - Método Natural Para Desinchar" />
    <meta name="twitter:description" content="Controle a fome, reduza o inchaço e conquiste uma barriga mais leve naturalmente." />
    <meta name="twitter:image" content="https://images.pexels.com/photos/3768894/pexels-photo-3768894.jpeg?auto=compress&cs=tinysrgb&w=1200" />
  </head>
  <body>
    <div id="root"></div>
    <script type="module" src="/src/main.tsx"></script>
  </body>
</html>
